
Microsoft Visual Studio Solution File, Format Version 12.00
# Visual Studio Version 16
VisualStudioVersion = 16.0.31129.286
MinimumVisualStudioVersion = 10.0.40219.1
Project("{FAE04EC0-301F-11D3-BF4B-00C04F79EFBC}") = "ed-cashtime", "ed-cashtime\ed-cashtime.csproj", "{92878200-9929-494C-91D0-DD303E4BEAEE}"
EndProject
Global
	GlobalSection(SolutionConfigurationPlatforms) = preSolution
		Debug|Any CPU = Debug|Any CPU
		Release|Any CPU = Release|Any CPU
	EndGlobalSection
	GlobalSection(ProjectConfigurationPlatforms) = postSolution
		{92878200-9929-494C-91D0-DD303E4BEAEE}.Debug|Any CPU.ActiveCfg = Debug|Any CPU
		{92878200-9929-494C-91D0-DD303E4BEAEE}.Debug|Any CPU.Build.0 = Debug|Any CPU
		{92878200-9929-494C-91D0-DD303E4BEAEE}.Release|Any CPU.ActiveCfg = Release|Any CPU
		{92878200-9929-494C-91D0-DD303E4BEAEE}.Release|Any CPU.Build.0 = Release|Any CPU
	EndGlobalSection
	GlobalSection(SolutionProperties) = preSolution
		HideSolutionNode = FALSE
	EndGlobalSection
	GlobalSection(ExtensibilityGlobals) = postSolution
		SolutionGuid = {E96923EA-56A4-4498-9701-1770CBD268A2}
	EndGlobalSection
EndGlobal
